
Microsoft Visual Studio Solution File, Format Version 12.00
# Visual Studio Version 16
VisualStudioVersion = 16.0.29020.237
MinimumVisualStudioVersion = 10.0.40219.1
Project("{FAE04EC0-301F-11D3-BF4B-00C04F79EFBC}") = "ObserverPatternSample1", "ObserverPatternSample1\ObserverPatternSample1.csproj", "{8B5C9317-15A1-4B77-8A36-9CC7876BCA8F}"
EndProject
Global
	GlobalSection(SolutionConfigurationPlatforms) = preSolution
		Debug|Any CPU = Debug|Any CPU
		Release|Any CPU = Release|Any CPU
	EndGlobalSection
	GlobalSection(ProjectConfigurationPlatforms) = postSolution
		{8B5C9317-15A1-4B77-8A36-9CC7876BCA8F}.Debug|Any CPU.ActiveCfg = Debug|Any CPU
		{8B5C9317-15A1-4B77-8A36-9CC7876BCA8F}.Debug|Any CPU.Build.0 = Debug|Any CPU
		{8B5C9317-15A1-4B77-8A36-9CC7876BCA8F}.Release|Any CPU.ActiveCfg = Release|Any CPU
		{8B5C9317-15A1-4B77-8A36-9CC7876BCA8F}.Release|Any CPU.Build.0 = Release|Any CPU
	EndGlobalSection
	GlobalSection(SolutionProperties) = preSolution
		HideSolutionNode = FALSE
	EndGlobalSection
	GlobalSection(ExtensibilityGlobals) = postSolution
		SolutionGuid = {C32A227C-27F2-4235-AB5A-EA3EA083C5AA}
	EndGlobalSection
EndGlobal
