
Microsoft Visual Studio Solution File, Format Version 12.00
# Visual Studio Version 16
VisualStudioVersion = 16.0.29020.237
MinimumVisualStudioVersion = 10.0.40219.1
Project("{FAE04EC0-301F-11D3-BF4B-00C04F79EFBC}") = "BuilderPattern", "BuilderPattern\BuilderPattern.csproj", "{349E31E1-1188-45C6-8AEB-E1C674429AEB}"
EndProject
Global
	GlobalSection(SolutionConfigurationPlatforms) = preSolution
		Debug|Any CPU = Debug|Any CPU
		Release|Any CPU = Release|Any CPU
	EndGlobalSection
	GlobalSection(ProjectConfigurationPlatforms) = postSolution
		{349E31E1-1188-45C6-8AEB-E1C674429AEB}.Debug|Any CPU.ActiveCfg = Debug|Any CPU
		{349E31E1-1188-45C6-8AEB-E1C674429AEB}.Debug|Any CPU.Build.0 = Debug|Any CPU
		{349E31E1-1188-45C6-8AEB-E1C674429AEB}.Release|Any CPU.ActiveCfg = Release|Any CPU
		{349E31E1-1188-45C6-8AEB-E1C674429AEB}.Release|Any CPU.Build.0 = Release|Any CPU
	EndGlobalSection
	GlobalSection(SolutionProperties) = preSolution
		HideSolutionNode = FALSE
	EndGlobalSection
	GlobalSection(ExtensibilityGlobals) = postSolution
		SolutionGuid = {A03D0D8B-25CD-4413-A5A0-8903B947E3A2}
	EndGlobalSection
EndGlobal
