
Microsoft Visual Studio Solution File, Format Version 12.00
# Visual Studio Version 16
VisualStudioVersion = 16.0.29020.237
MinimumVisualStudioVersion = 10.0.40219.1
Project("{FAE04EC0-301F-11D3-BF4B-00C04F79EFBC}") = "Decorator", "Decorator\Decorator.csproj", "{67EDC84C-D57E-4D93-B587-EB26AE87D0FD}"
EndProject
Global
	GlobalSection(SolutionConfigurationPlatforms) = preSolution
		Debug|Any CPU = Debug|Any CPU
		Release|Any CPU = Release|Any CPU
	EndGlobalSection
	GlobalSection(ProjectConfigurationPlatforms) = postSolution
		{67EDC84C-D57E-4D93-B587-EB26AE87D0FD}.Debug|Any CPU.ActiveCfg = Debug|Any CPU
		{67EDC84C-D57E-4D93-B587-EB26AE87D0FD}.Debug|Any CPU.Build.0 = Debug|Any CPU
		{67EDC84C-D57E-4D93-B587-EB26AE87D0FD}.Release|Any CPU.ActiveCfg = Release|Any CPU
		{67EDC84C-D57E-4D93-B587-EB26AE87D0FD}.Release|Any CPU.Build.0 = Release|Any CPU
	EndGlobalSection
	GlobalSection(SolutionProperties) = preSolution
		HideSolutionNode = FALSE
	EndGlobalSection
	GlobalSection(ExtensibilityGlobals) = postSolution
		SolutionGuid = {AFFE3572-DA8D-4A6F-9C3D-30E77F3EE747}
	EndGlobalSection
EndGlobal
