
Microsoft Visual Studio Solution File, Format Version 12.00
# Visual Studio Version 16
VisualStudioVersion = 16.0.29020.237
MinimumVisualStudioVersion = 10.0.40219.1
Project("{FAE04EC0-301F-11D3-BF4B-00C04F79EFBC}") = "Singleton", "Singleton\Singleton.csproj", "{38022796-0A8B-422D-B185-B654CBFA83DC}"
EndProject
Global
	GlobalSection(SolutionConfigurationPlatforms) = preSolution
		Debug|Any CPU = Debug|Any CPU
		Release|Any CPU = Release|Any CPU
	EndGlobalSection
	GlobalSection(ProjectConfigurationPlatforms) = postSolution
		{38022796-0A8B-422D-B185-B654CBFA83DC}.Debug|Any CPU.ActiveCfg = Debug|Any CPU
		{38022796-0A8B-422D-B185-B654CBFA83DC}.Debug|Any CPU.Build.0 = Debug|Any CPU
		{38022796-0A8B-422D-B185-B654CBFA83DC}.Release|Any CPU.ActiveCfg = Release|Any CPU
		{38022796-0A8B-422D-B185-B654CBFA83DC}.Release|Any CPU.Build.0 = Release|Any CPU
	EndGlobalSection
	GlobalSection(SolutionProperties) = preSolution
		HideSolutionNode = FALSE
	EndGlobalSection
	GlobalSection(ExtensibilityGlobals) = postSolution
		SolutionGuid = {421F1008-709E-4AAD-B8C3-08AA244A8312}
	EndGlobalSection
EndGlobal
