
Microsoft Visual Studio Solution File, Format Version 12.00
# Visual Studio Version 16
VisualStudioVersion = 16.0.29020.237
MinimumVisualStudioVersion = 10.0.40219.1
Project("{FAE04EC0-301F-11D3-BF4B-00C04F79EFBC}") = "Composite", "Composite\Composite.csproj", "{F3EB19D0-9ED0-4D2F-80DC-1962021F58D6}"
EndProject
Global
	GlobalSection(SolutionConfigurationPlatforms) = preSolution
		Debug|Any CPU = Debug|Any CPU
		Release|Any CPU = Release|Any CPU
	EndGlobalSection
	GlobalSection(ProjectConfigurationPlatforms) = postSolution
		{F3EB19D0-9ED0-4D2F-80DC-1962021F58D6}.Debug|Any CPU.ActiveCfg = Debug|Any CPU
		{F3EB19D0-9ED0-4D2F-80DC-1962021F58D6}.Debug|Any CPU.Build.0 = Debug|Any CPU
		{F3EB19D0-9ED0-4D2F-80DC-1962021F58D6}.Release|Any CPU.ActiveCfg = Release|Any CPU
		{F3EB19D0-9ED0-4D2F-80DC-1962021F58D6}.Release|Any CPU.Build.0 = Release|Any CPU
	EndGlobalSection
	GlobalSection(SolutionProperties) = preSolution
		HideSolutionNode = FALSE
	EndGlobalSection
	GlobalSection(ExtensibilityGlobals) = postSolution
		SolutionGuid = {AAF9565F-794E-4709-B4F4-3B6644A613D4}
	EndGlobalSection
EndGlobal
