
Microsoft Visual Studio Solution File, Format Version 12.00
# Visual Studio Version 16
VisualStudioVersion = 16.0.29020.237
MinimumVisualStudioVersion = 10.0.40219.1
Project("{FAE04EC0-301F-11D3-BF4B-00C04F79EFBC}") = "BridgeSample1", "BridgeSample1\BridgeSample1.csproj", "{C68DF067-6D00-44E7-9AB9-5E2F13DFA458}"
EndProject
Global
	GlobalSection(SolutionConfigurationPlatforms) = preSolution
		Debug|Any CPU = Debug|Any CPU
		Release|Any CPU = Release|Any CPU
	EndGlobalSection
	GlobalSection(ProjectConfigurationPlatforms) = postSolution
		{C68DF067-6D00-44E7-9AB9-5E2F13DFA458}.Debug|Any CPU.ActiveCfg = Debug|Any CPU
		{C68DF067-6D00-44E7-9AB9-5E2F13DFA458}.Debug|Any CPU.Build.0 = Debug|Any CPU
		{C68DF067-6D00-44E7-9AB9-5E2F13DFA458}.Release|Any CPU.ActiveCfg = Release|Any CPU
		{C68DF067-6D00-44E7-9AB9-5E2F13DFA458}.Release|Any CPU.Build.0 = Release|Any CPU
	EndGlobalSection
	GlobalSection(SolutionProperties) = preSolution
		HideSolutionNode = FALSE
	EndGlobalSection
	GlobalSection(ExtensibilityGlobals) = postSolution
		SolutionGuid = {E261D12B-BB2A-4C40-B803-32DCDA37FBC1}
	EndGlobalSection
EndGlobal
