
Microsoft Visual Studio Solution File, Format Version 12.00
# Visual Studio Version 16
VisualStudioVersion = 16.0.29009.5
MinimumVisualStudioVersion = 10.0.40219.1
Project("{FAE04EC0-301F-11D3-BF4B-00C04F79EFBC}") = "FactoryPattern", "FactoryPattern\FactoryPattern.csproj", "{043D3111-AACC-45B8-89EB-37A32965D036}"
EndProject
Global
	GlobalSection(SolutionConfigurationPlatforms) = preSolution
		Debug|Any CPU = Debug|Any CPU
		Release|Any CPU = Release|Any CPU
	EndGlobalSection
	GlobalSection(ProjectConfigurationPlatforms) = postSolution
		{043D3111-AACC-45B8-89EB-37A32965D036}.Debug|Any CPU.ActiveCfg = Debug|Any CPU
		{043D3111-AACC-45B8-89EB-37A32965D036}.Debug|Any CPU.Build.0 = Debug|Any CPU
		{043D3111-AACC-45B8-89EB-37A32965D036}.Release|Any CPU.ActiveCfg = Release|Any CPU
		{043D3111-AACC-45B8-89EB-37A32965D036}.Release|Any CPU.Build.0 = Release|Any CPU
	EndGlobalSection
	GlobalSection(SolutionProperties) = preSolution
		HideSolutionNode = FALSE
	EndGlobalSection
	GlobalSection(ExtensibilityGlobals) = postSolution
		SolutionGuid = {8805A660-BF5E-4C4B-AA0C-44A5DF55E2DB}
	EndGlobalSection
EndGlobal
