
Microsoft Visual Studio Solution File, Format Version 12.00
# Visual Studio Version 16
VisualStudioVersion = 16.0.29020.237
MinimumVisualStudioVersion = 10.0.40219.1
Project("{FAE04EC0-301F-11D3-BF4B-00C04F79EFBC}") = "CommandPatternSample1", "CommandPatternSample1\CommandPatternSample1.csproj", "{43C8F6C3-AABD-49E1-97DC-4966F3644A19}"
EndProject
Global
	GlobalSection(SolutionConfigurationPlatforms) = preSolution
		Debug|Any CPU = Debug|Any CPU
		Release|Any CPU = Release|Any CPU
	EndGlobalSection
	GlobalSection(ProjectConfigurationPlatforms) = postSolution
		{43C8F6C3-AABD-49E1-97DC-4966F3644A19}.Debug|Any CPU.ActiveCfg = Debug|Any CPU
		{43C8F6C3-AABD-49E1-97DC-4966F3644A19}.Debug|Any CPU.Build.0 = Debug|Any CPU
		{43C8F6C3-AABD-49E1-97DC-4966F3644A19}.Release|Any CPU.ActiveCfg = Release|Any CPU
		{43C8F6C3-AABD-49E1-97DC-4966F3644A19}.Release|Any CPU.Build.0 = Release|Any CPU
	EndGlobalSection
	GlobalSection(SolutionProperties) = preSolution
		HideSolutionNode = FALSE
	EndGlobalSection
	GlobalSection(ExtensibilityGlobals) = postSolution
		SolutionGuid = {2B752654-CC00-4332-B07D-F02F903A7E40}
	EndGlobalSection
EndGlobal
