
Microsoft Visual Studio Solution File, Format Version 12.00
# Visual Studio Version 16
VisualStudioVersion = 16.0.29020.237
MinimumVisualStudioVersion = 10.0.40219.1
Project("{FAE04EC0-301F-11D3-BF4B-00C04F79EFBC}") = "ChainofResponsibility2", "ChainofResponsibility2\ChainofResponsibility2.csproj", "{10D2A890-D170-4FD8-B9E4-4BDF90939DB2}"
EndProject
Global
	GlobalSection(SolutionConfigurationPlatforms) = preSolution
		Debug|Any CPU = Debug|Any CPU
		Release|Any CPU = Release|Any CPU
	EndGlobalSection
	GlobalSection(ProjectConfigurationPlatforms) = postSolution
		{10D2A890-D170-4FD8-B9E4-4BDF90939DB2}.Debug|Any CPU.ActiveCfg = Debug|Any CPU
		{10D2A890-D170-4FD8-B9E4-4BDF90939DB2}.Debug|Any CPU.Build.0 = Debug|Any CPU
		{10D2A890-D170-4FD8-B9E4-4BDF90939DB2}.Release|Any CPU.ActiveCfg = Release|Any CPU
		{10D2A890-D170-4FD8-B9E4-4BDF90939DB2}.Release|Any CPU.Build.0 = Release|Any CPU
	EndGlobalSection
	GlobalSection(SolutionProperties) = preSolution
		HideSolutionNode = FALSE
	EndGlobalSection
	GlobalSection(ExtensibilityGlobals) = postSolution
		SolutionGuid = {FE163D89-FDB1-420E-8C5A-E74938FFA075}
	EndGlobalSection
EndGlobal
